// !$*UTF8*$!
{
	archiveVersion = 1;
	classes = {
	};
	objectVersion = 77;
	objects = {

/* Begin PBXBuildFile section */
		294468EE7F5982C9300D3D79 /* FaceTrackingManager.swift in Sources */ = {isa = PBXBuildFile; fileRef = 10BD1368DA45A627CD9431E9 /* FaceTrackingManager.swift */; };
		5935124F10FF7537C143040F /* ImageMarkerDetector.swift in Sources */ = {isa = PBXBuildFile; fileRef = 485F7B95E06DF95FF49680D3 /* ImageMarkerDetector.swift */; };
		885E05BB99BD7AA39B5FE0EE /* ARFaceView.swift in Sources */ = {isa = PBXBuildFile; fileRef = E16CCC0F54578A98FFF88149 /* ARFaceView.swift */; };
		8A275734CB7DF746F4A6A295 /* MarkedSpot.swift in Sources */ = {isa = PBXBuildFile; fileRef = 54B457C993850D6530B9B184 /* MarkedSpot.swift */; };
		999045C9AE8EBAF5866DAE1C /* ContentView.swift in Sources */ = {isa = PBXBuildFile; fileRef = 8ED48526A05C29583B191609 /* ContentView.swift */; };
		A1B2C3D4E5F6789012345678 /* Assets.xcassets in Resources */ = {isa = PBXBuildFile; fileRef = F1E2D3C4B5A6978801234567 /* Assets.xcassets */; };
		AA0000000000000000000003 /* LiveMarkerScanner.swift in Sources */ = {isa = PBXBuildFile; fileRef = AA0000000000000000000001 /* LiveMarkerScanner.swift */; };
		AA0000000000000000000004 /* MarkerPositionResolver.swift in Sources */ = {isa = PBXBuildFile; fileRef = AA0000000000000000000002 /* MarkerPositionResolver.swift */; };
		BB0000000000000000000005 /* QRMarkerDetector.swift in Sources */ = {isa = PBXBuildFile; fileRef = BB0000000000000000000006 /* QRMarkerDetector.swift */; };
		669AB8DC02BBD678B979CEE2 /* SkinAnalysisView.swift in Sources */ = {isa = PBXBuildFile; fileRef = 7387664477AA628CAD0C0CC1 /* SkinAnalysisView.swift */; };
		F37F477E25A0340B75433AFA /* GemmaInferenceEngine.swift in Sources */ = {isa = PBXBuildFile; fileRef = 3D4523A026A671C8F5F9734E /* GemmaInferenceEngine.swift */; };
		C02BE1CCDCFBF6DAE10FD4AC /* FaceSpotTrackerApp.swift in Sources */ = {isa = PBXBuildFile; fileRef = AF91CBF2B3DD139DB093B872 /* FaceSpotTrackerApp.swift */; };
		C08095DD18A884CEA675AF37 /* Pods_FaceSpotTracker.framework in Frameworks */ = {isa = PBXBuildFile; fileRef = 34645C23962DCA55B303C7D1 /* Pods_FaceSpotTracker.framework */; };
/* End PBXBuildFile section */

/* Begin PBXFileReference section */
		10BD1368DA45A627CD9431E9 /* FaceTrackingManager.swift */ = {isa = PBXFileReference; lastKnownFileType = sourcecode.swift; path = FaceTrackingManager.swift; sourceTree = "<group>"; };
		34645C23962DCA55B303C7D1 /* Pods_FaceSpotTracker.framework */ = {isa = PBXFileReference; explicitFileType = wrapper.framework; includeInIndex = 0; path = Pods_FaceSpotTracker.framework; sourceTree = BUILT_PRODUCTS_DIR; };
		485F7B95E06DF95FF49680D3 /* ImageMarkerDetector.swift */ = {isa = PBXFileReference; lastKnownFileType = sourcecode.swift; path = ImageMarkerDetector.swift; sourceTree = "<group>"; };
		4D74FD6F82BD8B887FAF72E1 /* Pods-FaceSpotTracker.release.xcconfig */ = {isa = PBXFileReference; includeInIndex = 1; lastKnownFileType = text.xcconfig; name = "Pods-FaceSpotTracker.release.xcconfig"; path = "Target Support Files/Pods-FaceSpotTracker/Pods-FaceSpotTracker.release.xcconfig"; sourceTree = "<group>"; };
		54B457C993850D6530B9B184 /* MarkedSpot.swift */ = {isa = PBXFileReference; lastKnownFileType = sourcecode.swift; path = MarkedSpot.swift; sourceTree = "<group>"; };
		89845534A3B6B5BAC43F7B4A /* FaceSpotTracker.entitlements */ = {isa = PBXFileReference; lastKnownFileType = text.plist.entitlements; path = FaceSpotTracker.entitlements; sourceTree = "<group>"; };
		8DD910041705CA4602B52E77 /* Info.plist */ = {isa = PBXFileReference; lastKnownFileType = text.plist; path = Info.plist; sourceTree = "<group>"; };
		8ED48526A05C29583B191609 /* ContentView.swift */ = {isa = PBXFileReference; lastKnownFileType = sourcecode.swift; path = ContentView.swift; sourceTree = "<group>"; };
		AA0000000000000000000001 /* LiveMarkerScanner.swift */ = {isa = PBXFileReference; lastKnownFileType = sourcecode.swift; path = LiveMarkerScanner.swift; sourceTree = "<group>"; };
		AA0000000000000000000002 /* MarkerPositionResolver.swift */ = {isa = PBXFileReference; lastKnownFileType = sourcecode.swift; path = MarkerPositionResolver.swift; sourceTree = "<group>"; };
		AF91CBF2B3DD139DB093B872 /* FaceSpotTrackerApp.swift */ = {isa = PBXFileReference; lastKnownFileType = sourcecode.swift; path = FaceSpotTrackerApp.swift; sourceTree = "<group>"; };
		BB0000000000000000000006 /* QRMarkerDetector.swift */ = {isa = PBXFileReference; lastKnownFileType = sourcecode.swift; path = QRMarkerDetector.swift; sourceTree = "<group>"; };
		7387664477AA628CAD0C0CC1 /* SkinAnalysisView.swift */ = {isa = PBXFileReference; lastKnownFileType = sourcecode.swift; path = SkinAnalysisView.swift; sourceTree = "<group>"; };
		3D4523A026A671C8F5F9734E /* GemmaInferenceEngine.swift */ = {isa = PBXFileReference; lastKnownFileType = sourcecode.swift; path = GemmaInferenceEngine.swift; sourceTree = "<group>"; };
		CD29EE947A8314646A2B6894 /* Pods-FaceSpotTracker.debug.xcconfig */ = {isa = PBXFileReference; includeInIndex = 1; lastKnownFileType = text.xcconfig; name = "Pods-FaceSpotTracker.debug.xcconfig"; path = "Target Support Files/Pods-FaceSpotTracker/Pods-FaceSpotTracker.debug.xcconfig"; sourceTree = "<group>"; };
		E16CCC0F54578A98FFF88149 /* ARFaceView.swift */ = {isa = PBXFileReference; lastKnownFileType = sourcecode.swift; path = ARFaceView.swift; sourceTree = "<group>"; };
		E690E55FDA2114487B1F2167 /* FaceSpotTracker.app */ = {isa = PBXFileReference; explicitFileType = wrapper.application; includeInIndex = 0; path = FaceSpotTracker.app; sourceTree = BUILT_PRODUCTS_DIR; };
		F1E2D3C4B5A6978801234567 /* Assets.xcassets */ = {isa = PBXFileReference; lastKnownFileType = folder.assetcatalog; path = Assets.xcassets; sourceTree = "<group>"; };
/* End PBXFileReference section */

/* Begin PBXFrameworksBuildPhase section */
		8A783AD1A70FCBF48C1D86C2 /* Frameworks */ = {
			isa = PBXFrameworksBuildPhase;
			buildActionMask = 2147483647;
			files = (
				C08095DD18A884CEA675AF37 /* Pods_FaceSpotTracker.framework in Frameworks */,
			);
			runOnlyForDeploymentPostprocessing = 0;
		};
/* End PBXFrameworksBuildPhase section */

/* Begin PBXGroup section */
		1674E76641B3429EE57B8B6A = {
			isa = PBXGroup;
			children = (
				C8FE3BE78FF0571F06B419A1 /* FaceSpotTracker */,
				4056CF3ECA916DD91E2FAEC5 /* Products */,
				5DD9FCD73495B707333CE625 /* Pods */,
				97C0F32CC7B3BFD9F73ABA3E /* Frameworks */,
			);
			sourceTree = "<group>";
		};
		4056CF3ECA916DD91E2FAEC5 /* Products */ = {
			isa = PBXGroup;
			children = (
				E690E55FDA2114487B1F2167 /* FaceSpotTracker.app */,
			);
			name = Products;
			sourceTree = "<group>";
		};
		5DD9FCD73495B707333CE625 /* Pods */ = {
			isa = PBXGroup;
			children = (
				CD29EE947A8314646A2B6894 /* Pods-FaceSpotTracker.debug.xcconfig */,
				4D74FD6F82BD8B887FAF72E1 /* Pods-FaceSpotTracker.release.xcconfig */,
			);
			name = Pods;
			path = Pods;
			sourceTree = "<group>";
		};
		97C0F32CC7B3BFD9F73ABA3E /* Frameworks */ = {
			isa = PBXGroup;
			children = (
				34645C23962DCA55B303C7D1 /* Pods_FaceSpotTracker.framework */,
			);
			name = Frameworks;
			sourceTree = "<group>";
		};
		C8FE3BE78FF0571F06B419A1 /* FaceSpotTracker */ = {
			isa = PBXGroup;
			children = (
				F1E2D3C4B5A6978801234567 /* Assets.xcassets */,
				E16CCC0F54578A98FFF88149 /* ARFaceView.swift */,
				8ED48526A05C29583B191609 /* ContentView.swift */,
				89845534A3B6B5BAC43F7B4A /* FaceSpotTracker.entitlements */,
				AF91CBF2B3DD139DB093B872 /* FaceSpotTrackerApp.swift */,
				10BD1368DA45A627CD9431E9 /* FaceTrackingManager.swift */,
				485F7B95E06DF95FF49680D3 /* ImageMarkerDetector.swift */,
				8DD910041705CA4602B52E77 /* Info.plist */,
				AA0000000000000000000001 /* LiveMarkerScanner.swift */,
				AA0000000000000000000002 /* MarkerPositionResolver.swift */,
				54B457C993850D6530B9B184 /* MarkedSpot.swift */,
				BB0000000000000000000006 /* QRMarkerDetector.swift */,
				7387664477AA628CAD0C0CC1 /* SkinAnalysisView.swift */,
				3D4523A026A671C8F5F9734E /* GemmaInferenceEngine.swift */,
			);
			path = FaceSpotTracker;
			sourceTree = "<group>";
		};
/* End PBXGroup section */

/* Begin PBXNativeTarget section */
		9B5ACF3B398FFC2576D4AEFA /* FaceSpotTracker */ = {
			isa = PBXNativeTarget;
			buildConfigurationList = 33C1F3D8B294EFFE813BE487 /* Build configuration list for PBXNativeTarget "FaceSpotTracker" */;
			buildPhases = (
				B682B7CE36FE61E8F0BCE910 /* [CP] Check Pods Manifest.lock */,
				94C66C6BD08E3C47BDE967BF /* Sources */,
				B1C2D3E4F5A6B78901234567 /* Resources */,
				8A783AD1A70FCBF48C1D86C2 /* Frameworks */,
			);
			buildRules = (
			);
			dependencies = (
			);
			name = FaceSpotTracker;
			productName = FaceSpotTracker;
			productReference = E690E55FDA2114487B1F2167 /* FaceSpotTracker.app */;
			productType = "com.apple.product-type.application";
		};
/* End PBXNativeTarget section */

/* Begin PBXProject section */
		E2E7D4743D021E2DA9D01FF4 /* Project object */ = {
			isa = PBXProject;
			attributes = {
				BuildIndependentTargetsInParallel = YES;
				LastUpgradeCheck = 2620;
			};
			buildConfigurationList = DC57CB8228701C98ACF83BDD /* Build configuration list for PBXProject "FaceSpotTracker" */;
			developmentRegion = en;
			hasScannedForEncodings = 0;
			knownRegions = (
				Base,
				en,
			);
			mainGroup = 1674E76641B3429EE57B8B6A;
			minimizedProjectReferenceProxies = 1;
			preferredProjectObjectVersion = 77;
			productRefGroup = 4056CF3ECA916DD91E2FAEC5 /* Products */;
			projectDirPath = "";
			projectRoot = "";
			targets = (
				9B5ACF3B398FFC2576D4AEFA /* FaceSpotTracker */,
			);
		};
/* End PBXProject section */

/* Begin PBXResourcesBuildPhase section */
		B1C2D3E4F5A6B78901234567 /* Resources */ = {
			isa = PBXResourcesBuildPhase;
			buildActionMask = 2147483647;
			files = (
				A1B2C3D4E5F6789012345678 /* Assets.xcassets in Resources */,
			);
			runOnlyForDeploymentPostprocessing = 0;
		};
/* End PBXResourcesBuildPhase section */

/* Begin PBXShellScriptBuildPhase section */
		B682B7CE36FE61E8F0BCE910 /* [CP] Check Pods Manifest.lock */ = {
			isa = PBXShellScriptBuildPhase;
			buildActionMask = 2147483647;
			files = (
			);
			inputFileListPaths = (
			);
			inputPaths = (
				"${PODS_PODFILE_DIR_PATH}/Podfile.lock",
				"${PODS_ROOT}/Manifest.lock",
			);
			name = "[CP] Check Pods Manifest.lock";
			outputFileListPaths = (
			);
			outputPaths = (
				"$(DERIVED_FILE_DIR)/Pods-FaceSpotTracker-checkManifestLockResult.txt",
			);
			runOnlyForDeploymentPostprocessing = 0;
			shellPath = /bin/sh;
			shellScript = "diff \"${PODS_PODFILE_DIR_PATH}/Podfile.lock\" \"${PODS_ROOT}/Manifest.lock\" > /dev/null\nif [ $? != 0 ] ; then\n    # print error to STDERR\n    echo \"error: The sandbox is not in sync with the Podfile.lock. Run 'pod install' or update your CocoaPods installation.\" >&2\n    exit 1\nfi\n# This output is used by Xcode 'outputs' to avoid re-running this script phase.\necho \"SUCCESS\" > \"${SCRIPT_OUTPUT_FILE_0}\"\n";
			showEnvVarsInLog = 0;
		};
/* End PBXShellScriptBuildPhase section */

/* Begin PBXSourcesBuildPhase section */
		94C66C6BD08E3C47BDE967BF /* Sources */ = {
			isa = PBXSourcesBuildPhase;
			buildActionMask = 2147483647;
			files = (
				885E05BB99BD7AA39B5FE0EE /* ARFaceView.swift in Sources */,
				999045C9AE8EBAF5866DAE1C /* ContentView.swift in Sources */,
				C02BE1CCDCFBF6DAE10FD4AC /* FaceSpotTrackerApp.swift in Sources */,
				294468EE7F5982C9300D3D79 /* FaceTrackingManager.swift in Sources */,
				5935124F10FF7537C143040F /* ImageMarkerDetector.swift in Sources */,
				AA0000000000000000000003 /* LiveMarkerScanner.swift in Sources */,
				8A275734CB7DF746F4A6A295 /* MarkedSpot.swift in Sources */,
				AA0000000000000000000004 /* MarkerPositionResolver.swift in Sources */,
				BB0000000000000000000005 /* QRMarkerDetector.swift in Sources */,
				669AB8DC02BBD678B979CEE2 /* SkinAnalysisView.swift in Sources */,
				F37F477E25A0340B75433AFA /* GemmaInferenceEngine.swift in Sources */,
			);
			runOnlyForDeploymentPostprocessing = 0;
		};
/* End PBXSourcesBuildPhase section */

/* Begin XCBuildConfiguration section */
		5054C006F86DAAFE7854F437 /* Debug */ = {
			isa = XCBuildConfiguration;
			buildSettings = {
				ALWAYS_SEARCH_USER_PATHS = NO;
				CLANG_ANALYZER_NONNULL = YES;
				CLANG_ANALYZER_NUMBER_OBJECT_CONVERSION = YES_AGGRESSIVE;
				CLANG_CXX_LANGUAGE_STANDARD = "gnu++14";
				CLANG_CXX_LIBRARY = "libc++";
				CLANG_ENABLE_MODULES = YES;
				CLANG_ENABLE_OBJC_ARC = YES;
				CLANG_ENABLE_OBJC_WEAK = YES;
				CLANG_WARN_BLOCK_CAPTURE_AUTORELEASING = YES;
				CLANG_WARN_BOOL_CONVERSION = YES;
				CLANG_WARN_COMMA = YES;
				CLANG_WARN_CONSTANT_CONVERSION = YES;
				CLANG_WARN_DEPRECATED_OBJC_IMPLEMENTATIONS = YES;
				CLANG_WARN_DIRECT_OBJC_ISA_USAGE = YES_ERROR;
				CLANG_WARN_DOCUMENTATION_COMMENTS = YES;
				CLANG_WARN_EMPTY_BODY = YES;
				CLANG_WARN_ENUM_CONVERSION = YES;
				CLANG_WARN_INFINITE_RECURSION = YES;
				CLANG_WARN_INT_CONVERSION = YES;
				CLANG_WARN_NON_LITERAL_NULL_CONVERSION = YES;
				CLANG_WARN_OBJC_IMPLICIT_RETAIN_SELF = YES;
				CLANG_WARN_OBJC_LITERAL_CONVERSION = YES;
				CLANG_WARN_OBJC_ROOT_CLASS = YES_ERROR;
				CLANG_WARN_QUOTED_INCLUDE_IN_FRAMEWORK_HEADER = YES;
				CLANG_WARN_RANGE_LOOP_ANALYSIS = YES;
				CLANG_WARN_STRICT_PROTOTYPES = YES;
				CLANG_WARN_SUSPICIOUS_MOVE = YES;
				CLANG_WARN_UNGUARDED_AVAILABILITY = YES_AGGRESSIVE;
				CLANG_WARN_UNREACHABLE_CODE = YES;
				CLANG_WARN__DUPLICATE_METHOD_MATCH = YES;
				COPY_PHASE_STRIP = NO;
				DEBUG_INFORMATION_FORMAT = dwarf;
				DEVELOPMENT_TEAM = C624J4S2F8;
				ENABLE_STRICT_OBJC_MSGSEND = YES;
				ENABLE_TESTABILITY = YES;
				ENABLE_USER_SCRIPT_SANDBOXING = YES;
				GCC_C_LANGUAGE_STANDARD = gnu11;
				GCC_DYNAMIC_NO_PIC = NO;
				GCC_NO_COMMON_BLOCKS = YES;
				GCC_OPTIMIZATION_LEVEL = 0;
				GCC_PREPROCESSOR_DEFINITIONS = (
					"$(inherited)",
					"DEBUG=1",
				);
				GCC_WARN_64_TO_32_BIT_CONVERSION = YES;
				GCC_WARN_ABOUT_RETURN_TYPE = YES_ERROR;
				GCC_WARN_UNDECLARED_SELECTOR = YES;
				GCC_WARN_UNINITIALIZED_AUTOS = YES_AGGRESSIVE;
				GCC_WARN_UNUSED_FUNCTION = YES;
				GCC_WARN_UNUSED_VARIABLE = YES;
				IPHONEOS_DEPLOYMENT_TARGET = 16.0;
				MTL_ENABLE_DEBUG_INFO = INCLUDE_SOURCE;
				MTL_FAST_MATH = YES;
				ONLY_ACTIVE_ARCH = YES;
				PRODUCT_NAME = "$(TARGET_NAME)";
				SDKROOT = iphoneos;
				STRING_CATALOG_GENERATE_SYMBOLS = YES;
				SWIFT_ACTIVE_COMPILATION_CONDITIONS = DEBUG;
				SWIFT_OPTIMIZATION_LEVEL = "-Onone";
				SWIFT_VERSION = 5.9;
			};
			name = Debug;
		};
		9D6CD1BA4F1B960B3B0479EC /* Release */ = {
			isa = XCBuildConfiguration;
			baseConfigurationReference = 4D74FD6F82BD8B887FAF72E1 /* Pods-FaceSpotTracker.release.xcconfig */;
			buildSettings = {
				ASSETCATALOG_COMPILER_APPICON_NAME = AppIcon;
				CODE_SIGN_ENTITLEMENTS = FaceSpotTracker/FaceSpotTracker.entitlements;
				CODE_SIGN_IDENTITY = "iPhone Developer";
				CURRENT_PROJECT_VERSION = 0.07;
				INFOPLIST_FILE = FaceSpotTracker/Info.plist;
				LD_RUNPATH_SEARCH_PATHS = (
					"$(inherited)",
					"@executable_path/Frameworks",
				);
				PRODUCT_BUNDLE_IDENTIFIER = com.facespottracker.app;
				SDKROOT = iphoneos;
				TARGETED_DEVICE_FAMILY = 1;
			};
			name = Release;
		};
		D87E3B6D699ECAF59853F588 /* Debug */ = {
			isa = XCBuildConfiguration;
			baseConfigurationReference = CD29EE947A8314646A2B6894 /* Pods-FaceSpotTracker.debug.xcconfig */;
			buildSettings = {
				ASSETCATALOG_COMPILER_APPICON_NAME = AppIcon;
				CODE_SIGN_ENTITLEMENTS = FaceSpotTracker/FaceSpotTracker.entitlements;
				CODE_SIGN_IDENTITY = "iPhone Developer";
				CURRENT_PROJECT_VERSION = 0.07;
				INFOPLIST_FILE = FaceSpotTracker/Info.plist;
				LD_RUNPATH_SEARCH_PATHS = (
					"$(inherited)",
					"@executable_path/Frameworks",
				);
				PRODUCT_BUNDLE_IDENTIFIER = com.facespottracker.app;
				SDKROOT = iphoneos;
				TARGETED_DEVICE_FAMILY = 1;
			};
			name = Debug;
		};
		EB2E1B2A3BC0BADC3740F18F /* Release */ = {
			isa = XCBuildConfiguration;
			buildSettings = {
				ALWAYS_SEARCH_USER_PATHS = NO;
				CLANG_ANALYZER_NONNULL = YES;
				CLANG_ANALYZER_NUMBER_OBJECT_CONVERSION = YES_AGGRESSIVE;
				CLANG_CXX_LANGUAGE_STANDARD = "gnu++14";
				CLANG_CXX_LIBRARY = "libc++";
				CLANG_ENABLE_MODULES = YES;
				CLANG_ENABLE_OBJC_ARC = YES;
				CLANG_ENABLE_OBJC_WEAK = YES;
				CLANG_WARN_BLOCK_CAPTURE_AUTORELEASING = YES;
				CLANG_WARN_BOOL_CONVERSION = YES;
				CLANG_WARN_COMMA = YES;
				CLANG_WARN_CONSTANT_CONVERSION = YES;
				CLANG_WARN_DEPRECATED_OBJC_IMPLEMENTATIONS = YES;
				CLANG_WARN_DIRECT_OBJC_ISA_USAGE = YES_ERROR;
				CLANG_WARN_DOCUMENTATION_COMMENTS = YES;
				CLANG_WARN_EMPTY_BODY = YES;
				CLANG_WARN_ENUM_CONVERSION = YES;
				CLANG_WARN_INFINITE_RECURSION = YES;
				CLANG_WARN_INT_CONVERSION = YES;
				CLANG_WARN_NON_LITERAL_NULL_CONVERSION = YES;
				CLANG_WARN_OBJC_IMPLICIT_RETAIN_SELF = YES;
				CLANG_WARN_OBJC_LITERAL_CONVERSION = YES;
				CLANG_WARN_OBJC_ROOT_CLASS = YES_ERROR;
				CLANG_WARN_QUOTED_INCLUDE_IN_FRAMEWORK_HEADER = YES;
				CLANG_WARN_RANGE_LOOP_ANALYSIS = YES;
				CLANG_WARN_STRICT_PROTOTYPES = YES;
				CLANG_WARN_SUSPICIOUS_MOVE = YES;
				CLANG_WARN_UNGUARDED_AVAILABILITY = YES_AGGRESSIVE;
				CLANG_WARN_UNREACHABLE_CODE = YES;
				CLANG_WARN__DUPLICATE_METHOD_MATCH = YES;
				COPY_PHASE_STRIP = NO;
				DEBUG_INFORMATION_FORMAT = "dwarf-with-dsym";
				DEVELOPMENT_TEAM = C624J4S2F8;
				ENABLE_NS_ASSERTIONS = NO;
				ENABLE_STRICT_OBJC_MSGSEND = YES;
				ENABLE_USER_SCRIPT_SANDBOXING = YES;
				GCC_C_LANGUAGE_STANDARD = gnu11;
				GCC_NO_COMMON_BLOCKS = YES;
				GCC_WARN_64_TO_32_BIT_CONVERSION = YES;
				GCC_WARN_ABOUT_RETURN_TYPE = YES_ERROR;
				GCC_WARN_UNDECLARED_SELECTOR = YES;
				GCC_WARN_UNINITIALIZED_AUTOS = YES_AGGRESSIVE;
				GCC_WARN_UNUSED_FUNCTION = YES;
				GCC_WARN_UNUSED_VARIABLE = YES;
				IPHONEOS_DEPLOYMENT_TARGET = 16.0;
				MTL_ENABLE_DEBUG_INFO = NO;
				MTL_FAST_MATH = YES;
				PRODUCT_NAME = "$(TARGET_NAME)";
				SDKROOT = iphoneos;
				STRING_CATALOG_GENERATE_SYMBOLS = YES;
				SWIFT_COMPILATION_MODE = wholemodule;
				SWIFT_OPTIMIZATION_LEVEL = "-O";
				SWIFT_VERSION = 5.9;
			};
			name = Release;
		};
/* End XCBuildConfiguration section */

/* Begin XCConfigurationList section */
		33C1F3D8B294EFFE813BE487 /* Build configuration list for PBXNativeTarget "FaceSpotTracker" */ = {
			isa = XCConfigurationList;
			buildConfigurations = (
				D87E3B6D699ECAF59853F588 /* Debug */,
				9D6CD1BA4F1B960B3B0479EC /* Release */,
			);
			defaultConfigurationIsVisible = 0;
			defaultConfigurationName = Debug;
		};
		DC57CB8228701C98ACF83BDD /* Build configuration list for PBXProject "FaceSpotTracker" */ = {
			isa = XCConfigurationList;
			buildConfigurations = (
				5054C006F86DAAFE7854F437 /* Debug */,
				EB2E1B2A3BC0BADC3740F18F /* Release */,
			);
			defaultConfigurationIsVisible = 0;
			defaultConfigurationName = Debug;
		};
/* End XCConfigurationList section */
	};
	rootObject = E2E7D4743D021E2DA9D01FF4 /* Project object */;
}
